{
  "name": "wn-nimblock-editor-plugin",
  "version": "0.1.0",
  "lockfileVersion": 2,
  "requires": true,
  "packages": {
    "": {
      "name": "wn-nimblock-editor-plugin",
      "version": "0.1.0",
      "license": "EPL-2.0",
      "dependencies": {
        "@editorjs/code": "^2.8.0",
        "@editorjs/delimiter": "^1.3.0",
        "@editorjs/editorjs": "^2.28.0",
        "@editorjs/header": "^2.7.0",
        "@editorjs/inline-code": "^1.5.0",
        "@editorjs/link": "^2.5.0",
        "@editorjs/list": "^1.9.0",
        "@editorjs/marker": "^1.3.0",
        "@editorjs/quote": "^2.5.0",
        "@editorjs/raw": "^2.4.0",
        "@editorjs/table": "^2.2.2",
        "@editorjs/underline": "^1.1.0",
        "winter-image": "^0.1.0",
        "winter-video": "^0.1.0"
      }
    },
    "node_modules/@babel/runtime": {
      "version": "7.23.8",
      "resolved": "https://registry.npmjs.org/@babel/runtime/-/runtime-7.23.8.tgz",
      "integrity": "sha512-Y7KbAP984rn1VGMbGqKmBLio9V7y5Je9GvU4rQPCPinCyNfUcToxIXl06d59URp/F3LwinvODxab5N/G6qggkw==",
      "dependencies": {
        "regenerator-runtime": "^0.14.0"
      },
      "engines": {
        "node": ">=6.9.0"
      }
    },
    "node_modules/@codexteam/icons": {
      "version": "0.0.5",
      "resolved": "https://registry.npmjs.org/@codexteam/icons/-/icons-0.0.5.tgz",
      "integrity": "sha512-s6H2KXhLz2rgbMZSkRm8dsMJvyUNZsEjxobBEg9ztdrb1B2H3pEzY6iTwI4XUPJWJ3c3qRKwV4TrO3J5jUdoQA=="
    },
    "node_modules/@editorjs/code": {
      "version": "2.9.0",
      "resolved": "https://registry.npmjs.org/@editorjs/code/-/code-2.9.0.tgz",
      "integrity": "sha512-QNOWxF29j6mYl/gM5HJzeGOt3s4laoZCUbuRqj6RkIvLBWMU+ASwjckEiouA61hcYUOMfpw4vQjzhsfC7xm/vA==",
      "dependencies": {
        "@codexteam/icons": "^0.0.5"
      }
    },
    "node_modules/@editorjs/delimiter": {
      "version": "1.4.0",
      "resolved": "https://registry.npmjs.org/@editorjs/delimiter/-/delimiter-1.4.0.tgz",
      "integrity": "sha512-i1Wm3UQsVisM7Fh9focJ1a4kX2l7IxO3zrEd+GmYoPVaNwxb/63GLNbGfCCGZBuvUyzeUDnc8cdhD1QQGwUZIg==",
      "dependencies": {
        "@codexteam/icons": "^0.0.5"
      }
    },
    "node_modules/@editorjs/editorjs": {
      "version": "2.28.2",
      "resolved": "https://registry.npmjs.org/@editorjs/editorjs/-/editorjs-2.28.2.tgz",
      "integrity": "sha512-g6V0Nd3W9IIWMpvxDNTssQ6e4kxBp1Y0W4GIf8cXRlmcBp3TUjrgCYJQmNy3l2a6ZzhyBAoVSe8krJEq4g7PQw=="
    },
    "node_modules/@editorjs/header": {
      "version": "2.8.1",
      "resolved": "https://registry.npmjs.org/@editorjs/header/-/header-2.8.1.tgz",
      "integrity": "sha512-y0HVXRP7m2W617CWo3fsb5HhXmSLaRpb9GzFx0Vkp/HEm9Dz5YO1s8tC7R8JD3MskwoYh7V0hRFQt39io/r6hA==",
      "dependencies": {
        "@codexteam/icons": "^0.0.5"
      }
    },
    "node_modules/@editorjs/inline-code": {
      "version": "1.5.0",
      "resolved": "https://registry.npmjs.org/@editorjs/inline-code/-/inline-code-1.5.0.tgz",
      "integrity": "sha512-5i6BCOG8eOg4/6qGoLJuL6XSZZg834zIByDW8K80doM1L7ss/VqtLY0nrB2Q5bfs1KA0tOlVHOfjE4JD4438FQ==",
      "dependencies": {
        "@codexteam/icons": "^0.0.5"
      }
    },
    "node_modules/@editorjs/link": {
      "version": "2.6.2",
      "resolved": "https://registry.npmjs.org/@editorjs/link/-/link-2.6.2.tgz",
      "integrity": "sha512-3cPx6M4ZvwDDvsi0E0fvMR3rvveAV/C0GRo1JLeZJ9cG9QgyoNolj4eu5Eqx3/r1XTC/he54qYEIZ/Dc4Lr4Ow==",
      "dependencies": {
        "@babel/runtime": "^7.10.2",
        "@codexteam/icons": "^0.0.4"
      }
    },
    "node_modules/@editorjs/link/node_modules/@codexteam/icons": {
      "version": "0.0.4",
      "resolved": "https://registry.npmjs.org/@codexteam/icons/-/icons-0.0.4.tgz",
      "integrity": "sha512-V8N/TY2TGyas4wLrPIFq7bcow68b3gu8DfDt1+rrHPtXxcexadKauRJL6eQgfG7Z0LCrN4boLRawR4S9gjIh/Q=="
    },
    "node_modules/@editorjs/list": {
      "version": "1.9.0",
      "resolved": "https://registry.npmjs.org/@editorjs/list/-/list-1.9.0.tgz",
      "integrity": "sha512-BQEvZW4vi0O0dBvGNljiKxiE89vMSHoM2Tu2OzKUndoj7pY9AxqpgCh1qvwIVsJAlG4Lbt/vBFQilnoStMmI6A==",
      "dependencies": {
        "@codexteam/icons": "^0.0.4"
      }
    },
    "node_modules/@editorjs/list/node_modules/@codexteam/icons": {
      "version": "0.0.4",
      "resolved": "https://registry.npmjs.org/@codexteam/icons/-/icons-0.0.4.tgz",
      "integrity": "sha512-V8N/TY2TGyas4wLrPIFq7bcow68b3gu8DfDt1+rrHPtXxcexadKauRJL6eQgfG7Z0LCrN4boLRawR4S9gjIh/Q=="
    },
    "node_modules/@editorjs/marker": {
      "version": "1.4.0",
      "resolved": "https://registry.npmjs.org/@editorjs/marker/-/marker-1.4.0.tgz",
      "integrity": "sha512-5ipEXfL44jTTRzgNp/p/YjMO7jT08S5z4V8qA3FFJTfdhKgQyM3mvP1zpdYKw47ZZpVWMCncvk5Nto3BxihEtg==",
      "dependencies": {
        "@codexteam/icons": "^0.0.5"
      }
    },
    "node_modules/@editorjs/quote": {
      "version": "2.6.0",
      "resolved": "https://registry.npmjs.org/@editorjs/quote/-/quote-2.6.0.tgz",
      "integrity": "sha512-8DiCMBT4n4UDV5bgzvfRH26HmL6YWddGC4+twvjhR+PzX0gwrnY8nFifvro79EeSqxwRtFjjlGnu5I0VTfw5aQ==",
      "dependencies": {
        "@codexteam/icons": "^0.0.5"
      }
    },
    "node_modules/@editorjs/raw": {
      "version": "2.5.0",
      "resolved": "https://registry.npmjs.org/@editorjs/raw/-/raw-2.5.0.tgz",
      "integrity": "sha512-ZOYKgR/sutOXHQ4uaWg8KzZ6yFJZCMTndezlN257GGsQ3Sa3ERcK9wZHKgAMNXaDhdKx9fDuojxRRcYvz6l9aQ==",
      "dependencies": {
        "@codexteam/icons": "^0.0.4"
      }
    },
    "node_modules/@editorjs/raw/node_modules/@codexteam/icons": {
      "version": "0.0.4",
      "resolved": "https://registry.npmjs.org/@codexteam/icons/-/icons-0.0.4.tgz",
      "integrity": "sha512-V8N/TY2TGyas4wLrPIFq7bcow68b3gu8DfDt1+rrHPtXxcexadKauRJL6eQgfG7Z0LCrN4boLRawR4S9gjIh/Q=="
    },
    "node_modules/@editorjs/table": {
      "version": "2.3.0",
      "resolved": "https://registry.npmjs.org/@editorjs/table/-/table-2.3.0.tgz",
      "integrity": "sha512-/dKE6A5FkukX/FpvIyQGsewwXglZk8YbXpEp9vkB6Ec4ETLeGJMxObCcYqbXqVod+IU/a1tFH+j3lsD8ASD41g==",
      "dependencies": {
        "@codexteam/icons": "^0.0.6"
      }
    },
    "node_modules/@editorjs/table/node_modules/@codexteam/icons": {
      "version": "0.0.6",
      "resolved": "https://registry.npmjs.org/@codexteam/icons/-/icons-0.0.6.tgz",
      "integrity": "sha512-L7Q5PET8PjKcBT5wp7VR+FCjwCi5PUp7rd/XjsgQ0CI5FJz0DphyHGRILMuDUdCW2MQT9NHbVr4QP31vwAkS/A=="
    },
    "node_modules/@editorjs/underline": {
      "version": "1.1.0",
      "resolved": "https://registry.npmjs.org/@editorjs/underline/-/underline-1.1.0.tgz",
      "integrity": "sha512-vQj2ROW1KreD31QHlhaPikmDJGWYzRBusN4Zyfwl9nIIQCByt4S8fZQpsrRvH4sct5mkirsHllNT00rJlqHK7Q==",
      "dependencies": {
        "@codexteam/icons": "^0.0.6"
      }
    },
    "node_modules/@editorjs/underline/node_modules/@codexteam/icons": {
      "version": "0.0.6",
      "resolved": "https://registry.npmjs.org/@codexteam/icons/-/icons-0.0.6.tgz",
      "integrity": "sha512-L7Q5PET8PjKcBT5wp7VR+FCjwCi5PUp7rd/XjsgQ0CI5FJz0DphyHGRILMuDUdCW2MQT9NHbVr4QP31vwAkS/A=="
    },
    "node_modules/regenerator-runtime": {
      "version": "0.14.1",
      "resolved": "https://registry.npmjs.org/regenerator-runtime/-/regenerator-runtime-0.14.1.tgz",
      "integrity": "sha512-dYnhHh0nJoMfnkZs6GmmhFknAGRrLznOu5nc9ML+EJxGvrx6H7teuevqVqCuPcPK//3eDrrjQhehXVx9cnkGdw=="
    },
    "node_modules/winter-image": {
      "version": "0.1.0",
      "resolved": "https://registry.npmjs.org/winter-image/-/winter-image-0.1.0.tgz",
      "integrity": "sha512-wDNnAVSYH3i/2QySaIYzIWGP2nGc1IUJYpx7XOxDTKVDV+zGbIPfnkQrRgdV6ntyXMgLDhUELfECUdaf4sg6QA=="
    },
    "node_modules/winter-video": {
      "version": "0.1.0",
      "resolved": "https://registry.npmjs.org/winter-video/-/winter-video-0.1.0.tgz",
      "integrity": "sha512-vU2N8b4q0u+2jk6czeGP3GkPE97rlYcNISA+mKaz1wZUjU/mHsYnxQyoDBsn6q/SW5FB17OjtzCGUszfLr4wOg=="
    }
  },
  "dependencies": {
    "@babel/runtime": {
      "version": "7.23.8",
      "resolved": "https://registry.npmjs.org/@babel/runtime/-/runtime-7.23.8.tgz",
      "integrity": "sha512-Y7KbAP984rn1VGMbGqKmBLio9V7y5Je9GvU4rQPCPinCyNfUcToxIXl06d59URp/F3LwinvODxab5N/G6qggkw==",
      "requires": {
        "regenerator-runtime": "^0.14.0"
      }
    },
    "@codexteam/icons": {
      "version": "0.0.5",
      "resolved": "https://registry.npmjs.org/@codexteam/icons/-/icons-0.0.5.tgz",
      "integrity": "sha512-s6H2KXhLz2rgbMZSkRm8dsMJvyUNZsEjxobBEg9ztdrb1B2H3pEzY6iTwI4XUPJWJ3c3qRKwV4TrO3J5jUdoQA=="
    },
    "@editorjs/code": {
      "version": "2.9.0",
      "resolved": "https://registry.npmjs.org/@editorjs/code/-/code-2.9.0.tgz",
      "integrity": "sha512-QNOWxF29j6mYl/gM5HJzeGOt3s4laoZCUbuRqj6RkIvLBWMU+ASwjckEiouA61hcYUOMfpw4vQjzhsfC7xm/vA==",
      "requires": {
        "@codexteam/icons": "^0.0.5"
      }
    },
    "@editorjs/delimiter": {
      "version": "1.4.0",
      "resolved": "https://registry.npmjs.org/@editorjs/delimiter/-/delimiter-1.4.0.tgz",
      "integrity": "sha512-i1Wm3UQsVisM7Fh9focJ1a4kX2l7IxO3zrEd+GmYoPVaNwxb/63GLNbGfCCGZBuvUyzeUDnc8cdhD1QQGwUZIg==",
      "requires": {
        "@codexteam/icons": "^0.0.5"
      }
    },
    "@editorjs/editorjs": {
      "version": "2.28.2",
      "resolved": "https://registry.npmjs.org/@editorjs/editorjs/-/editorjs-2.28.2.tgz",
      "integrity": "sha512-g6V0Nd3W9IIWMpvxDNTssQ6e4kxBp1Y0W4GIf8cXRlmcBp3TUjrgCYJQmNy3l2a6ZzhyBAoVSe8krJEq4g7PQw=="
    },
    "@editorjs/header": {
      "version": "2.8.1",
      "resolved": "https://registry.npmjs.org/@editorjs/header/-/header-2.8.1.tgz",
      "integrity": "sha512-y0HVXRP7m2W617CWo3fsb5HhXmSLaRpb9GzFx0Vkp/HEm9Dz5YO1s8tC7R8JD3MskwoYh7V0hRFQt39io/r6hA==",
      "requires": {
        "@codexteam/icons": "^0.0.5"
      }
    },
    "@editorjs/inline-code": {
      "version": "1.5.0",
      "resolved": "https://registry.npmjs.org/@editorjs/inline-code/-/inline-code-1.5.0.tgz",
      "integrity": "sha512-5i6BCOG8eOg4/6qGoLJuL6XSZZg834zIByDW8K80doM1L7ss/VqtLY0nrB2Q5bfs1KA0tOlVHOfjE4JD4438FQ==",
      "requires": {
        "@codexteam/icons": "^0.0.5"
      }
    },
    "@editorjs/link": {
      "version": "2.6.2",
      "resolved": "https://registry.npmjs.org/@editorjs/link/-/link-2.6.2.tgz",
      "integrity": "sha512-3cPx6M4ZvwDDvsi0E0fvMR3rvveAV/C0GRo1JLeZJ9cG9QgyoNolj4eu5Eqx3/r1XTC/he54qYEIZ/Dc4Lr4Ow==",
      "requires": {
        "@babel/runtime": "^7.10.2",
        "@codexteam/icons": "^0.0.4"
      },
      "dependencies": {
        "@codexteam/icons": {
          "version": "0.0.4",
          "resolved": "https://registry.npmjs.org/@codexteam/icons/-/icons-0.0.4.tgz",
          "integrity": "sha512-V8N/TY2TGyas4wLrPIFq7bcow68b3gu8DfDt1+rrHPtXxcexadKauRJL6eQgfG7Z0LCrN4boLRawR4S9gjIh/Q=="
        }
      }
    },
    "@editorjs/list": {
      "version": "1.9.0",
      "resolved": "https://registry.npmjs.org/@editorjs/list/-/list-1.9.0.tgz",
      "integrity": "sha512-BQEvZW4vi0O0dBvGNljiKxiE89vMSHoM2Tu2OzKUndoj7pY9AxqpgCh1qvwIVsJAlG4Lbt/vBFQilnoStMmI6A==",
      "requires": {
        "@codexteam/icons": "^0.0.4"
      },
      "dependencies": {
        "@codexteam/icons": {
          "version": "0.0.4",
          "resolved": "https://registry.npmjs.org/@codexteam/icons/-/icons-0.0.4.tgz",
          "integrity": "sha512-V8N/TY2TGyas4wLrPIFq7bcow68b3gu8DfDt1+rrHPtXxcexadKauRJL6eQgfG7Z0LCrN4boLRawR4S9gjIh/Q=="
        }
      }
    },
    "@editorjs/marker": {
      "version": "1.4.0",
      "resolved": "https://registry.npmjs.org/@editorjs/marker/-/marker-1.4.0.tgz",
      "integrity": "sha512-5ipEXfL44jTTRzgNp/p/YjMO7jT08S5z4V8qA3FFJTfdhKgQyM3mvP1zpdYKw47ZZpVWMCncvk5Nto3BxihEtg==",
      "requires": {
        "@codexteam/icons": "^0.0.5"
      }
    },
    "@editorjs/quote": {
      "version": "2.6.0",
      "resolved": "https://registry.npmjs.org/@editorjs/quote/-/quote-2.6.0.tgz",
      "integrity": "sha512-8DiCMBT4n4UDV5bgzvfRH26HmL6YWddGC4+twvjhR+PzX0gwrnY8nFifvro79EeSqxwRtFjjlGnu5I0VTfw5aQ==",
      "requires": {
        "@codexteam/icons": "^0.0.5"
      }
    },
    "@editorjs/raw": {
      "version": "2.5.0",
      "resolved": "https://registry.npmjs.org/@editorjs/raw/-/raw-2.5.0.tgz",
      "integrity": "sha512-ZOYKgR/sutOXHQ4uaWg8KzZ6yFJZCMTndezlN257GGsQ3Sa3ERcK9wZHKgAMNXaDhdKx9fDuojxRRcYvz6l9aQ==",
      "requires": {
        "@codexteam/icons": "^0.0.4"
      },
      "dependencies": {
        "@codexteam/icons": {
          "version": "0.0.4",
          "resolved": "https://registry.npmjs.org/@codexteam/icons/-/icons-0.0.4.tgz",
          "integrity": "sha512-V8N/TY2TGyas4wLrPIFq7bcow68b3gu8DfDt1+rrHPtXxcexadKauRJL6eQgfG7Z0LCrN4boLRawR4S9gjIh/Q=="
        }
      }
    },
    "@editorjs/table": {
      "version": "2.3.0",
      "resolved": "https://registry.npmjs.org/@editorjs/table/-/table-2.3.0.tgz",
      "integrity": "sha512-/dKE6A5FkukX/FpvIyQGsewwXglZk8YbXpEp9vkB6Ec4ETLeGJMxObCcYqbXqVod+IU/a1tFH+j3lsD8ASD41g==",
      "requires": {
        "@codexteam/icons": "^0.0.6"
      },
      "dependencies": {
        "@codexteam/icons": {
          "version": "0.0.6",
          "resolved": "https://registry.npmjs.org/@codexteam/icons/-/icons-0.0.6.tgz",
          "integrity": "sha512-L7Q5PET8PjKcBT5wp7VR+FCjwCi5PUp7rd/XjsgQ0CI5FJz0DphyHGRILMuDUdCW2MQT9NHbVr4QP31vwAkS/A=="
        }
      }
    },
    "@editorjs/underline": {
      "version": "1.1.0",
      "resolved": "https://registry.npmjs.org/@editorjs/underline/-/underline-1.1.0.tgz",
      "integrity": "sha512-vQj2ROW1KreD31QHlhaPikmDJGWYzRBusN4Zyfwl9nIIQCByt4S8fZQpsrRvH4sct5mkirsHllNT00rJlqHK7Q==",
      "requires": {
        "@codexteam/icons": "^0.0.6"
      },
      "dependencies": {
        "@codexteam/icons": {
          "version": "0.0.6",
          "resolved": "https://registry.npmjs.org/@codexteam/icons/-/icons-0.0.6.tgz",
          "integrity": "sha512-L7Q5PET8PjKcBT5wp7VR+FCjwCi5PUp7rd/XjsgQ0CI5FJz0DphyHGRILMuDUdCW2MQT9NHbVr4QP31vwAkS/A=="
        }
      }
    },
    "regenerator-runtime": {
      "version": "0.14.1",
      "resolved": "https://registry.npmjs.org/regenerator-runtime/-/regenerator-runtime-0.14.1.tgz",
      "integrity": "sha512-dYnhHh0nJoMfnkZs6GmmhFknAGRrLznOu5nc9ML+EJxGvrx6H7teuevqVqCuPcPK//3eDrrjQhehXVx9cnkGdw=="
    },
    "winter-image": {
      "version": "0.1.0",
      "resolved": "https://registry.npmjs.org/winter-image/-/winter-image-0.1.0.tgz",
      "integrity": "sha512-wDNnAVSYH3i/2QySaIYzIWGP2nGc1IUJYpx7XOxDTKVDV+zGbIPfnkQrRgdV6ntyXMgLDhUELfECUdaf4sg6QA=="
    },
    "winter-video": {
      "version": "0.1.0",
      "resolved": "https://registry.npmjs.org/winter-video/-/winter-video-0.1.0.tgz",
      "integrity": "sha512-vU2N8b4q0u+2jk6czeGP3GkPE97rlYcNISA+mKaz1wZUjU/mHsYnxQyoDBsn6q/SW5FB17OjtzCGUszfLr4wOg=="
    }
  }
}
